{
  "name": "whatsapp-webhook",
  "version": "1.0.0",
  "lockfileVersion": 3,
  "requires": true,
  "packages": {
    "": {
      "name": "whatsapp-webhook",
      "version": "1.0.0",
      "dependencies": {
        "@aws-sdk/client-s3": "^3.1108.0",
        "@aws-sdk/s3-request-presigner": "^3.1108.0",
        "@libsql/client": "^0.14.0",
        "busboy": "^1.6.0"
      },
      "devDependencies": {
        "playwright": "^1.62.1"
      },
      "engines": {
        "node": ">=18"
      }
    },
    "node_modules/@aws-sdk/checksums": {
      "version": "3.1000.27",
      "resolved": "https://registry.npmjs.org/@aws-sdk/checksums/-/checksums-3.1000.27.tgz",
      "integrity": "sha512-insWOqKKNUrbN/dohEG7BJ0U5GkyqhjbMb/NHNaLUtq+7my2M8C4EnZZZoxMmXRqCC+P9dEr+KyJA2JGGzoKLg==",
      "license": "Apache-2.0",
      "dependencies": {
        "@aws-sdk/core": "^3.977.7",
        "@aws-sdk/types": "^3.974.3",
        "@smithy/core": "^3.31.1",
        "@smithy/types": "^4.16.1",
        "tslib": "^2.6.2"
      },
      "engines": {
        "node": ">=20.0.0"
      }
    },
    "node_modules/@aws-sdk/client-s3": {
      "version": "3.1108.0",
      "resolved": "https://registry.npmjs.org/@aws-sdk/client-s3/-/client-s3-3.1108.0.tgz",
      "integrity": "sha512-prdothEAFE1G8H0s0+zFGuNZdSj+Acg/siB1dFxPS181op9+hJ1GLr+b2anJch4B9a/xbWy7k8eG/enH3cNSjQ==",
      "license": "Apache-2.0",
      "dependencies": {
        "@aws-sdk/checksums": "^3.1000.27",
        "@aws-sdk/core": "^3.977.7",
        "@aws-sdk/credential-provider-node": "^3.972.79",
        "@aws-sdk/middleware-sdk-s3": "^3.972.73",
        "@aws-sdk/signature-v4-multi-region": "^3.996.44",
        "@aws-sdk/types": "^3.974.3",
        "@smithy/core": "^3.31.1",
        "@smithy/fetch-http-handler": "^5.6.13",
        "@smithy/node-http-handler": "^4.9.13",
        "@smithy/types": "^4.16.1",
        "tslib": "^2.6.2"
      },
      "engines": {
        "node": ">=20.0.0"
      }
    },
    "node_modules/@aws-sdk/core": {
      "version": "3.977.7",
      "resolved": "https://registry.npmjs.org/@aws-sdk/core/-/core-3.977.7.tgz",
      "integrity": "sha512-I88Iov89NVmjSmJLKSv7Cn9M2J+a2942OkA8nZCbz+sl4ZeY4zEOcoLOrbt1GRfQ8zEQKnjAJdXixA3J/p1fDQ==",
      "license": "Apache-2.0",
      "dependencies": {
        "@aws-sdk/types": "^3.974.3",
        "@aws-sdk/xml-builder": "^3.972.38",
        "@aws/lambda-invoke-store": "^0.3.0",
        "@smithy/core": "^3.31.1",
        "@smithy/signature-v4": "^5.6.12",
        "@smithy/types": "^4.16.1",
        "bowser": "^2.11.0",
        "tslib": "^2.6.2"
      },
      "engines": {
        "node": ">=20.0.0"
      }
    },
    "node_modules/@aws-sdk/credential-provider-env": {
      "version": "3.972.68",
      "resolved": "https://registry.npmjs.org/@aws-sdk/credential-provider-env/-/credential-provider-env-3.972.68.tgz",
      "integrity": "sha512-2a20A/IdNOwUvaDq91iqqS7BA0XlNMfW3iLGZGZLJv0EbUqhSxB0PIx4rQQqssvWj1uXImb3/UCCdHz/+1dOiA==",
      "license": "Apache-2.0",
      "dependencies": {
        "@aws-sdk/core": "^3.977.7",
        "@aws-sdk/types": "^3.974.3",
        "@smithy/core": "^3.31.1",
        "@smithy/types": "^4.16.1",
        "tslib": "^2.6.2"
      },
      "engines": {
        "node": ">=20.0.0"
      }
    },
    "node_modules/@aws-sdk/credential-provider-http": {
      "version": "3.972.70",
      "resolved": "https://registry.npmjs.org/@aws-sdk/credential-provider-http/-/credential-provider-http-3.972.70.tgz",
      "integrity": "sha512-0yRem2Fs52r/Nn6UAqIlpjexfaYj8ziEozOe9tamtAVT/5bzFLKx8O2r7MaRqgS3hGKHIa1Jij9nKHSsNnb04A==",
      "license": "Apache-2.0",
      "dependencies": {
        "@aws-sdk/core": "^3.977.7",
        "@aws-sdk/types": "^3.974.3",
        "@smithy/core": "^3.31.1",
        "@smithy/fetch-http-handler": "^5.6.13",
        "@smithy/node-http-handler": "^4.9.13",
        "@smithy/types": "^4.16.1",
        "tslib": "^2.6.2"
      },
      "engines": {
        "node": ">=20.0.0"
      }
    },
    "node_modules/@aws-sdk/credential-provider-ini": {
      "version": "3.973.13",
      "resolved": "https://registry.npmjs.org/@aws-sdk/credential-provider-ini/-/credential-provider-ini-3.973.13.tgz",
      "integrity": "sha512-2M39DE02XpYYaSWYk/4AsImXYUU/1L2xmTMLUpMMWq7DfLv191/vCRy3baKtdr45AkJQyVgSjmuVOLm15SwrRQ==",
      "license": "Apache-2.0",
      "dependencies": {
        "@aws-sdk/core": "^3.977.7",
        "@aws-sdk/credential-provider-env": "^3.972.68",
        "@aws-sdk/credential-provider-http": "^3.972.70",
        "@aws-sdk/credential-provider-login": "^3.972.75",
        "@aws-sdk/credential-provider-process": "^3.972.68",
        "@aws-sdk/credential-provider-sso": "^3.973.12",
        "@aws-sdk/credential-provider-web-identity": "^3.972.74",
        "@aws-sdk/nested-clients": "^3.997.42",
        "@aws-sdk/types": "^3.974.3",
        "@smithy/core": "^3.31.1",
        "@smithy/credential-provider-imds": "^4.4.16",
        "@smithy/types": "^4.16.1",
        "tslib": "^2.6.2"
      },
      "engines": {
        "node": ">=20.0.0"
      }
    },
    "node_modules/@aws-sdk/credential-provider-login": {
      "version": "3.972.75",
      "resolved": "https://registry.npmjs.org/@aws-sdk/credential-provider-login/-/credential-provider-login-3.972.75.tgz",
      "integrity": "sha512-jaTESuJlQsoUZ44f/i2puyPt8VlF/dMMJ9HM3cStYtk7eKX4N9UWi83OLixUkoOJH3BwWlPLCq9YIK9nfWhVBg==",
      "license": "Apache-2.0",
      "dependencies": {
        "@aws-sdk/core": "^3.977.7",
        "@aws-sdk/nested-clients": "^3.997.42",
        "@aws-sdk/types": "^3.974.3",
        "@smithy/core": "^3.31.1",
        "@smithy/types": "^4.16.1",
        "tslib": "^2.6.2"
      },
      "engines": {
        "node": ">=20.0.0"
      }
    },
    "node_modules/@aws-sdk/credential-provider-node": {
      "version": "3.972.79",
      "resolved": "https://registry.npmjs.org/@aws-sdk/credential-provider-node/-/credential-provider-node-3.972.79.tgz",
      "integrity": "sha512-RIw5dof1EHkWubrZzPC941CDtnFG1iAXsxbFgLkhdYZXHc4icU13c/uxSMI0J5eUx9bxa7LjfpdjfClBB1QsDA==",
      "license": "Apache-2.0",
      "dependencies": {
        "@aws-sdk/credential-provider-env": "^3.972.68",
        "@aws-sdk/credential-provider-http": "^3.972.70",
        "@aws-sdk/credential-provider-ini": "^3.973.13",
        "@aws-sdk/credential-provider-process": "^3.972.68",
        "@aws-sdk/credential-provider-sso": "^3.973.12",
        "@aws-sdk/credential-provider-web-identity": "^3.972.74",
        "@aws-sdk/types": "^3.974.3",
        "@smithy/core": "^3.31.1",
        "@smithy/credential-provider-imds": "^4.4.16",
        "@smithy/types": "^4.16.1",
        "tslib": "^2.6.2"
      },
      "engines": {
        "node": ">=20.0.0"
      }
    },
    "node_modules/@aws-sdk/credential-provider-process": {
      "version": "3.972.68",
      "resolved": "https://registry.npmjs.org/@aws-sdk/credential-provider-process/-/credential-provider-process-3.972.68.tgz",
      "integrity": "sha512-nLP3Pda2MQTFJ25hKBMmUuB9Uv+bTZQNlufbeCwklP549Vwnkd8bRLJoCKp5k6xjmdyptrPrOfGOhN0mKuca8A==",
      "license": "Apache-2.0",
      "dependencies": {
        "@aws-sdk/core": "^3.977.7",
        "@aws-sdk/types": "^3.974.3",
        "@smithy/core": "^3.31.1",
        "@smithy/types": "^4.16.1",
        "tslib": "^2.6.2"
      },
      "engines": {
        "node": ">=20.0.0"
      }
    },
    "node_modules/@aws-sdk/credential-provider-sso": {
      "version": "3.973.12",
      "resolved": "https://registry.npmjs.org/@aws-sdk/credential-provider-sso/-/credential-provider-sso-3.973.12.tgz",
      "integrity": "sha512-EmgyyHn+f9WCcelp3L/vci+LGbX8GigWaVphRArjVo5Pktkr9YnLy/mQ6VDkDyBD72dtfRNTgHmD2ts4rTDXKQ==",
      "license": "Apache-2.0",
      "dependencies": {
        "@aws-sdk/core": "^3.977.7",
        "@aws-sdk/nested-clients": "^3.997.42",
        "@aws-sdk/token-providers": "3.1108.0",
        "@aws-sdk/types": "^3.974.3",
        "@smithy/core": "^3.31.1",
        "@smithy/types": "^4.16.1",
        "tslib": "^2.6.2"
      },
      "engines": {
        "node": ">=20.0.0"
      }
    },
    "node_modules/@aws-sdk/credential-provider-web-identity": {
      "version": "3.972.74",
      "resolved": "https://registry.npmjs.org/@aws-sdk/credential-provider-web-identity/-/credential-provider-web-identity-3.972.74.tgz",
      "integrity": "sha512-0YfczxGXF3RjGj8z7QG/Ho2HnLGKDHfPSHiTs47UU1U/+mmwISDN+rvGKt2zh+3FX8NdT4xd95LGBGyhQw2dgQ==",
      "license": "Apache-2.0",
      "dependencies": {
        "@aws-sdk/core": "^3.977.7",
        "@aws-sdk/nested-clients": "^3.997.42",
        "@aws-sdk/types": "^3.974.3",
        "@smithy/core": "^3.31.1",
        "@smithy/types": "^4.16.1",
        "tslib": "^2.6.2"
      },
      "engines": {
        "node": ">=20.0.0"
      }
    },
    "node_modules/@aws-sdk/middleware-sdk-s3": {
      "version": "3.972.73",
      "resolved": "https://registry.npmjs.org/@aws-sdk/middleware-sdk-s3/-/middleware-sdk-s3-3.972.73.tgz",
      "integrity": "sha512-oy7sRA5HvHcAvkcKX6F8RI240jcOf3c8y/Gqjs9qemIibdKQqGBIi0uwa+47ZRYqGLpdEO28TQU4G73yUzo06Q==",
      "license": "Apache-2.0",
      "dependencies": {
        "@aws-sdk/core": "^3.977.7",
        "@aws-sdk/signature-v4-multi-region": "^3.996.44",
        "@aws-sdk/types": "^3.974.3",
        "@smithy/core": "^3.31.1",
        "@smithy/types": "^4.16.1",
        "tslib": "^2.6.2"
      },
      "engines": {
        "node": ">=20.0.0"
      }
    },
    "node_modules/@aws-sdk/nested-clients": {
      "version": "3.997.42",
      "resolved": "https://registry.npmjs.org/@aws-sdk/nested-clients/-/nested-clients-3.997.42.tgz",
      "integrity": "sha512-XWRyon2MTHXD/zMoo0Mbge6Vwf+iE0qQaM/RyGO6NfZ9WukCFiQL27nQVZjYy2JwSIg+iXZxKOX95OBXqlSM4w==",
      "license": "Apache-2.0",
      "dependencies": {
        "@aws-sdk/core": "^3.977.7",
        "@aws-sdk/signature-v4-multi-region": "^3.996.44",
        "@aws-sdk/types": "^3.974.3",
        "@smithy/core": "^3.31.1",
        "@smithy/fetch-http-handler": "^5.6.13",
        "@smithy/node-http-handler": "^4.9.13",
        "@smithy/types": "^4.16.1",
        "tslib": "^2.6.2"
      },
      "engines": {
        "node": ">=20.0.0"
      }
    },
    "node_modules/@aws-sdk/s3-request-presigner": {
      "version": "3.1108.0",
      "resolved": "https://registry.npmjs.org/@aws-sdk/s3-request-presigner/-/s3-request-presigner-3.1108.0.tgz",
      "integrity": "sha512-X0lX/rlyhlpQY97cwM2Rebuuj4HRMkp1wVYjJx1DHMTUI6Fehsh3/mZOd9U2HIbp1/nSciBmoD0dkpc3uXlUfA==",
      "license": "Apache-2.0",
      "dependencies": {
        "@aws-sdk/core": "^3.977.7",
        "@aws-sdk/signature-v4-multi-region": "^3.996.44",
        "@aws-sdk/types": "^3.974.3",
        "@smithy/core": "^3.31.1",
        "@smithy/types": "^4.16.1",
        "tslib": "^2.6.2"
      },
      "engines": {
        "node": ">=20.0.0"
      }
    },
    "node_modules/@aws-sdk/signature-v4-multi-region": {
      "version": "3.996.44",
      "resolved": "https://registry.npmjs.org/@aws-sdk/signature-v4-multi-region/-/signature-v4-multi-region-3.996.44.tgz",
      "integrity": "sha512-ZSfQ35Qn4MhSY+A0Whyr+KBx+wJKZUyBsOrjB2pSHOafRzbFe47T8XcXM8hZqUAC69qnqIy0C9ArxTuud0CC2w==",
      "license": "Apache-2.0",
      "dependencies": {
        "@aws-sdk/types": "^3.974.3",
        "@smithy/signature-v4": "^5.6.12",
        "@smithy/types": "^4.16.1",
        "tslib": "^2.6.2"
      },
      "engines": {
        "node": ">=20.0.0"
      }
    },
    "node_modules/@aws-sdk/token-providers": {
      "version": "3.1108.0",
      "resolved": "https://registry.npmjs.org/@aws-sdk/token-providers/-/token-providers-3.1108.0.tgz",
      "integrity": "sha512-rI80zxDxGJ6904eC/YbjkdjY6JdaZvQ01kOmrMvw7cFQGIHo27fhnIVbMSVDS4T6foQImjxYSRoOu/uSJscXDw==",
      "license": "Apache-2.0",
      "dependencies": {
        "@aws-sdk/core": "^3.977.7",
        "@aws-sdk/nested-clients": "^3.997.42",
        "@aws-sdk/types": "^3.974.3",
        "@smithy/core": "^3.31.1",
        "@smithy/types": "^4.16.1",
        "tslib": "^2.6.2"
      },
      "engines": {
        "node": ">=20.0.0"
      }
    },
    "node_modules/@aws-sdk/types": {
      "version": "3.974.3",
      "resolved": "https://registry.npmjs.org/@aws-sdk/types/-/types-3.974.3.tgz",
      "integrity": "sha512-ECAqfpNsef+7MO8qtR0h9KcFIBAygaE7Cm6UOiQl+ft+uVap+1G7bNEjs4mdJE2OnA4m6k7i8peH8uGIAsOMGw==",
      "license": "Apache-2.0",
      "dependencies": {
        "@smithy/types": "^4.16.1",
        "tslib": "^2.6.2"
      },
      "engines": {
        "node": ">=20.0.0"
      }
    },
    "node_modules/@aws-sdk/xml-builder": {
      "version": "3.972.38",
      "resolved": "https://registry.npmjs.org/@aws-sdk/xml-builder/-/xml-builder-3.972.38.tgz",
      "integrity": "sha512-grf7mzfVxBS5AlsuTvBN7uDpzqohFww9fRPCO+EBSUdvtsYMcPSKdz54h/7XiscqNcUM1Ae1MF7JLHmiYYuzbQ==",
      "license": "Apache-2.0",
      "dependencies": {
        "@smithy/types": "^4.16.1",
        "tslib": "^2.6.2"
      },
      "engines": {
        "node": ">=20.0.0"
      }
    },
    "node_modules/@aws/lambda-invoke-store": {
      "version": "0.3.0",
      "resolved": "https://registry.npmjs.org/@aws/lambda-invoke-store/-/lambda-invoke-store-0.3.0.tgz",
      "integrity": "sha512-sl4Bm6yiMNYrZKkqqDFWN0UfnWhlS8ivKxrYl+6t0gCLrqr8y3B2IqZZbFRkfaVVp7C/baApyh71P+LeE1A2sQ==",
      "license": "Apache-2.0",
      "engines": {
        "node": ">=18.0.0"
      }
    },
    "node_modules/@libsql/client": {
      "version": "0.14.0",
      "resolved": "https://registry.npmjs.org/@libsql/client/-/client-0.14.0.tgz",
      "integrity": "sha512-/9HEKfn6fwXB5aTEEoMeFh4CtG0ZzbncBb1e++OCdVpgKZ/xyMsIVYXm0w7Pv4RUel803vE6LwniB3PqD72R0Q==",
      "license": "MIT",
      "dependencies": {
        "@libsql/core": "^0.14.0",
        "@libsql/hrana-client": "^0.7.0",
        "js-base64": "^3.7.5",
        "libsql": "^0.4.4",
        "promise-limit": "^2.7.0"
      }
    },
    "node_modules/@libsql/core": {
      "version": "0.14.0",
      "resolved": "https://registry.npmjs.org/@libsql/core/-/core-0.14.0.tgz",
      "integrity": "sha512-nhbuXf7GP3PSZgdCY2Ecj8vz187ptHlZQ0VRc751oB2C1W8jQUXKKklvt7t1LJiUTQBVJuadF628eUk+3cRi4Q==",
      "license": "MIT",
      "dependencies": {
        "js-base64": "^3.7.5"
      }
    },
    "node_modules/@libsql/darwin-arm64": {
      "version": "0.4.7",
      "resolved": "https://registry.npmjs.org/@libsql/darwin-arm64/-/darwin-arm64-0.4.7.tgz",
      "integrity": "sha512-yOL742IfWUlUevnI5PdnIT4fryY3LYTdLm56bnY0wXBw7dhFcnjuA7jrH3oSVz2mjZTHujxoITgAE7V6Z+eAbg==",
      "cpu": [
        "arm64"
      ],
      "license": "MIT",
      "optional": true,
      "os": [
        "darwin"
      ]
    },
    "node_modules/@libsql/darwin-x64": {
      "version": "0.4.7",
      "resolved": "https://registry.npmjs.org/@libsql/darwin-x64/-/darwin-x64-0.4.7.tgz",
      "integrity": "sha512-ezc7V75+eoyyH07BO9tIyJdqXXcRfZMbKcLCeF8+qWK5nP8wWuMcfOVywecsXGRbT99zc5eNra4NEx6z5PkSsA==",
      "cpu": [
        "x64"
      ],
      "license": "MIT",
      "optional": true,
      "os": [
        "darwin"
      ]
    },
    "node_modules/@libsql/hrana-client": {
      "version": "0.7.0",
      "resolved": "https://registry.npmjs.org/@libsql/hrana-client/-/hrana-client-0.7.0.tgz",
      "integrity": "sha512-OF8fFQSkbL7vJY9rfuegK1R7sPgQ6kFMkDamiEccNUvieQ+3urzfDFI616oPl8V7T9zRmnTkSjMOImYCAVRVuw==",
      "license": "MIT",
      "dependencies": {
        "@libsql/isomorphic-fetch": "^0.3.1",
        "@libsql/isomorphic-ws": "^0.1.5",
        "js-base64": "^3.7.5",
        "node-fetch": "^3.3.2"
      }
    },
    "node_modules/@libsql/isomorphic-fetch": {
      "version": "0.3.1",
      "resolved": "https://registry.npmjs.org/@libsql/isomorphic-fetch/-/isomorphic-fetch-0.3.1.tgz",
      "integrity": "sha512-6kK3SUK5Uu56zPq/Las620n5aS9xJq+jMBcNSOmjhNf/MUvdyji4vrMTqD7ptY7/4/CAVEAYDeotUz60LNQHtw==",
      "license": "MIT",
      "engines": {
        "node": ">=18.0.0"
      }
    },
    "node_modules/@libsql/isomorphic-ws": {
      "version": "0.1.5",
      "resolved": "https://registry.npmjs.org/@libsql/isomorphic-ws/-/isomorphic-ws-0.1.5.tgz",
      "integrity": "sha512-DtLWIH29onUYR00i0GlQ3UdcTRC6EP4u9w/h9LxpUZJWRMARk6dQwZ6Jkd+QdwVpuAOrdxt18v0K2uIYR3fwFg==",
      "license": "MIT",
      "dependencies": {
        "@types/ws": "^8.5.4",
        "ws": "^8.13.0"
      }
    },
    "node_modules/@libsql/linux-arm64-gnu": {
      "version": "0.4.7",
      "resolved": "https://registry.npmjs.org/@libsql/linux-arm64-gnu/-/linux-arm64-gnu-0.4.7.tgz",
      "integrity": "sha512-WlX2VYB5diM4kFfNaYcyhw5y+UJAI3xcMkEUJZPtRDEIu85SsSFrQ+gvoKfcVh76B//ztSeEX2wl9yrjF7BBCA==",
      "cpu": [
        "arm64"
      ],
      "license": "MIT",
      "optional": true,
      "os": [
        "linux"
      ]
    },
    "node_modules/@libsql/linux-arm64-musl": {
      "version": "0.4.7",
      "resolved": "https://registry.npmjs.org/@libsql/linux-arm64-musl/-/linux-arm64-musl-0.4.7.tgz",
      "integrity": "sha512-6kK9xAArVRlTCpWeqnNMCoXW1pe7WITI378n4NpvU5EJ0Ok3aNTIC2nRPRjhro90QcnmLL1jPcrVwO4WD1U0xw==",
      "cpu": [
        "arm64"
      ],
      "license": "MIT",
      "optional": true,
      "os": [
        "linux"
      ]
    },
    "node_modules/@libsql/linux-x64-gnu": {
      "version": "0.4.7",
      "resolved": "https://registry.npmjs.org/@libsql/linux-x64-gnu/-/linux-x64-gnu-0.4.7.tgz",
      "integrity": "sha512-CMnNRCmlWQqqzlTw6NeaZXzLWI8bydaXDke63JTUCvu8R+fj/ENsLrVBtPDlxQ0wGsYdXGlrUCH8Qi9gJep0yQ==",
      "cpu": [
        "x64"
      ],
      "license": "MIT",
      "optional": true,
      "os": [
        "linux"
      ]
    },
    "node_modules/@libsql/linux-x64-musl": {
      "version": "0.4.7",
      "resolved": "https://registry.npmjs.org/@libsql/linux-x64-musl/-/linux-x64-musl-0.4.7.tgz",
      "integrity": "sha512-nI6tpS1t6WzGAt1Kx1n1HsvtBbZ+jHn0m7ogNNT6pQHZQj7AFFTIMeDQw/i/Nt5H38np1GVRNsFe99eSIMs9XA==",
      "cpu": [
        "x64"
      ],
      "license": "MIT",
      "optional": true,
      "os": [
        "linux"
      ]
    },
    "node_modules/@libsql/win32-x64-msvc": {
      "version": "0.4.7",
      "resolved": "https://registry.npmjs.org/@libsql/win32-x64-msvc/-/win32-x64-msvc-0.4.7.tgz",
      "integrity": "sha512-7pJzOWzPm6oJUxml+PCDRzYQ4A1hTMHAciTAHfFK4fkbDZX33nWPVG7Y3vqdKtslcwAzwmrNDc6sXy2nwWnbiw==",
      "cpu": [
        "x64"
      ],
      "license": "MIT",
      "optional": true,
      "os": [
        "win32"
      ]
    },
    "node_modules/@neon-rs/load": {
      "version": "0.0.4",
      "resolved": "https://registry.npmjs.org/@neon-rs/load/-/load-0.0.4.tgz",
      "integrity": "sha512-kTPhdZyTQxB+2wpiRcFWrDcejc4JI6tkPuS7UZCG4l6Zvc5kU/gGQ/ozvHTh1XR5tS+UlfAfGuPajjzQjCiHCw==",
      "license": "MIT"
    },
    "node_modules/@smithy/core": {
      "version": "3.32.0",
      "resolved": "https://registry.npmjs.org/@smithy/core/-/core-3.32.0.tgz",
      "integrity": "sha512-NAiCSC78fzbNIEWoheoF74Ob5ZorLijCHpMY26Fqvqg/+9LuyIqMfHDg2p8Yk1rqOyowtiL3y7WX0AW+teL6zw==",
      "license": "Apache-2.0",
      "dependencies": {
        "@smithy/types": "^4.17.0",
        "tslib": "^2.6.2"
      },
      "engines": {
        "node": ">=18.0.0"
      }
    },
    "node_modules/@smithy/credential-provider-imds": {
      "version": "4.5.0",
      "resolved": "https://registry.npmjs.org/@smithy/credential-provider-imds/-/credential-provider-imds-4.5.0.tgz",
      "integrity": "sha512-2jsPi+7Zv2hSzD9IXR9D7DTqSn7mv4XalzRm+bESh53jiaUS3NKEUbpQFTJP0HhQy9qzZvluxQ3yS24zdRrqsA==",
      "license": "Apache-2.0",
      "dependencies": {
        "@smithy/core": "^3.32.0",
        "@smithy/types": "^4.17.0",
        "tslib": "^2.6.2"
      },
      "engines": {
        "node": ">=18.0.0"
      }
    },
    "node_modules/@smithy/fetch-http-handler": {
      "version": "5.7.0",
      "resolved": "https://registry.npmjs.org/@smithy/fetch-http-handler/-/fetch-http-handler-5.7.0.tgz",
      "integrity": "sha512-W/exA8T0LEzCQtJ02w4IzaEQPIspgarqZprb7W8FwnYiDowgCrjl2fTQ6FvuSSUnJORuepBF81abmBJwqh+0XQ==",
      "license": "Apache-2.0",
      "dependencies": {
        "@smithy/core": "^3.32.0",
        "@smithy/types": "^4.17.0",
        "tslib": "^2.6.2"
      },
      "engines": {
        "node": ">=18.0.0"
      }
    },
    "node_modules/@smithy/node-http-handler": {
      "version": "4.10.0",
      "resolved": "https://registry.npmjs.org/@smithy/node-http-handler/-/node-http-handler-4.10.0.tgz",
      "integrity": "sha512-nrh7VxqzPQS/ip1hS293aI/OAWDWARQvjUxCfuKhyrfHa2gTdk28066RNeWLI1uuoHXaKAkOF8IcSAHuOp0+SA==",
      "license": "Apache-2.0",
      "dependencies": {
        "@smithy/core": "^3.32.0",
        "@smithy/types": "^4.17.0",
        "tslib": "^2.6.2"
      },
      "engines": {
        "node": ">=18.0.0"
      }
    },
    "node_modules/@smithy/signature-v4": {
      "version": "5.7.0",
      "resolved": "https://registry.npmjs.org/@smithy/signature-v4/-/signature-v4-5.7.0.tgz",
      "integrity": "sha512-hCynhm22wMJ8wTF9crcwu8mxggtUrSLLJgDcGUvYFBqpofxycYJCGKOMYg4xtPPFtgNiDJSYmhsWLTrcU/g59Q==",
      "license": "Apache-2.0",
      "dependencies": {
        "@smithy/core": "^3.32.0",
        "@smithy/types": "^4.17.0",
        "tslib": "^2.6.2"
      },
      "engines": {
        "node": ">=18.0.0"
      }
    },
    "node_modules/@smithy/types": {
      "version": "4.17.0",
      "resolved": "https://registry.npmjs.org/@smithy/types/-/types-4.17.0.tgz",
      "integrity": "sha512-Aw4joiM0ZdErpo39lCj8phT2lxoiKZV+KZzBxnnQhWVtU2Is/WffQSL04uUWRcXUse9Ln8vXZK6V/FwqRVnQpg==",
      "license": "Apache-2.0",
      "dependencies": {
        "tslib": "^2.6.2"
      },
      "engines": {
        "node": ">=18.0.0"
      }
    },
    "node_modules/@types/node": {
      "version": "26.0.0",
      "resolved": "https://registry.npmjs.org/@types/node/-/node-26.0.0.tgz",
      "integrity": "sha512-vf2YFi1iY9lHGwNJMs01biZFbKJkrZR1T6/MlzjhJLPdntOHLhTrDSnSVcdtvjihi4VQNlrFRIxLsDBlQpAipA==",
      "license": "MIT",
      "dependencies": {
        "undici-types": "~8.3.0"
      }
    },
    "node_modules/@types/ws": {
      "version": "8.18.1",
      "resolved": "https://registry.npmjs.org/@types/ws/-/ws-8.18.1.tgz",
      "integrity": "sha512-ThVF6DCVhA8kUGy+aazFQ4kXQ7E1Ty7A3ypFOe0IcJV8O/M511G99AW24irKrW56Wt44yG9+ij8FaqoBGkuBXg==",
      "license": "MIT",
      "dependencies": {
        "@types/node": "*"
      }
    },
    "node_modules/bowser": {
      "version": "2.14.1",
      "resolved": "https://registry.npmjs.org/bowser/-/bowser-2.14.1.tgz",
      "integrity": "sha512-tzPjzCxygAKWFOJP011oxFHs57HzIhOEracIgAePE4pqB3LikALKnSzUyU4MGs9/iCEUuHlAJTjTc5M+u7YEGg==",
      "license": "MIT"
    },
    "node_modules/busboy": {
      "version": "1.6.0",
      "resolved": "https://registry.npmjs.org/busboy/-/busboy-1.6.0.tgz",
      "integrity": "sha512-8SFQbg/0hQ9xy3UNTB0YEnsNBbWfhf7RtnzpL7TkBiTBRfrQ9Fxcnz7VJsleJpyp6rVLvXiuORqjlHi5q+PYuA==",
      "dependencies": {
        "streamsearch": "^1.1.0"
      },
      "engines": {
        "node": ">=10.16.0"
      }
    },
    "node_modules/data-uri-to-buffer": {
      "version": "4.0.1",
      "resolved": "https://registry.npmjs.org/data-uri-to-buffer/-/data-uri-to-buffer-4.0.1.tgz",
      "integrity": "sha512-0R9ikRb668HB7QDxT1vkpuUBtqc53YyAwMwGeUFKRojY/NWKvdZ+9UYtRfGmhqNbRkTSVpMbmyhXipFFv2cb/A==",
      "license": "MIT",
      "engines": {
        "node": ">= 12"
      }
    },
    "node_modules/detect-libc": {
      "version": "2.0.2",
      "resolved": "https://registry.npmjs.org/detect-libc/-/detect-libc-2.0.2.tgz",
      "integrity": "sha512-UX6sGumvvqSaXgdKGUsgZWqcUyIXZ/vZTrlRT/iobiKhGL0zL4d3osHj3uqllWJK+i+sixDS/3COVEOFbupFyw==",
      "license": "Apache-2.0",
      "engines": {
        "node": ">=8"
      }
    },
    "node_modules/fetch-blob": {
      "version": "3.2.0",
      "resolved": "https://registry.npmjs.org/fetch-blob/-/fetch-blob-3.2.0.tgz",
      "integrity": "sha512-7yAQpD2UMJzLi1Dqv7qFYnPbaPx7ZfFK6PiIxQ4PfkGPyNyl2Ugx+a/umUonmKqjhM4DnfbMvdX6otXq83soQQ==",
      "funding": [
        {
          "type": "github",
          "url": "https://github.com/sponsors/jimmywarting"
        },
        {
          "type": "paypal",
          "url": "https://paypal.me/jimmywarting"
        }
      ],
      "license": "MIT",
      "dependencies": {
        "node-domexception": "^1.0.0",
        "web-streams-polyfill": "^3.0.3"
      },
      "engines": {
        "node": "^12.20 || >= 14.13"
      }
    },
    "node_modules/formdata-polyfill": {
      "version": "4.0.10",
      "resolved": "https://registry.npmjs.org/formdata-polyfill/-/formdata-polyfill-4.0.10.tgz",
      "integrity": "sha512-buewHzMvYL29jdeQTVILecSaZKnt/RJWjoZCF5OW60Z67/GmSLBkOFM7qh1PI3zFNtJbaZL5eQu1vLfazOwj4g==",
      "license": "MIT",
      "dependencies": {
        "fetch-blob": "^3.1.2"
      },
      "engines": {
        "node": ">=12.20.0"
      }
    },
    "node_modules/fsevents": {
      "version": "2.3.2",
      "resolved": "https://registry.npmjs.org/fsevents/-/fsevents-2.3.2.tgz",
      "integrity": "sha512-xiqMQR4xAeHTuB9uWm+fFRcIOgKBMiOBP+eXiyT7jsgVCq1bkVygt00oASowB7EdtpOHaaPgKt812P9ab+DDKA==",
      "dev": true,
      "hasInstallScript": true,
      "license": "MIT",
      "optional": true,
      "os": [
        "darwin"
      ],
      "engines": {
        "node": "^8.16.0 || ^10.6.0 || >=11.0.0"
      }
    },
    "node_modules/js-base64": {
      "version": "3.7.8",
      "resolved": "https://registry.npmjs.org/js-base64/-/js-base64-3.7.8.tgz",
      "integrity": "sha512-hNngCeKxIUQiEUN3GPJOkz4wF/YvdUdbNL9hsBcMQTkKzboD7T/q3OYOuuPZLUE6dBxSGpwhk5mwuDud7JVAow==",
      "license": "BSD-3-Clause"
    },
    "node_modules/libsql": {
      "version": "0.4.7",
      "resolved": "https://registry.npmjs.org/libsql/-/libsql-0.4.7.tgz",
      "integrity": "sha512-T9eIRCs6b0J1SHKYIvD8+KCJMcWZ900iZyxdnSCdqxN12Z1ijzT+jY5nrk72Jw4B0HGzms2NgpryArlJqvc3Lw==",
      "cpu": [
        "x64",
        "arm64",
        "wasm32"
      ],
      "license": "MIT",
      "os": [
        "darwin",
        "linux",
        "win32"
      ],
      "dependencies": {
        "@neon-rs/load": "^0.0.4",
        "detect-libc": "2.0.2"
      },
      "optionalDependencies": {
        "@libsql/darwin-arm64": "0.4.7",
        "@libsql/darwin-x64": "0.4.7",
        "@libsql/linux-arm64-gnu": "0.4.7",
        "@libsql/linux-arm64-musl": "0.4.7",
        "@libsql/linux-x64-gnu": "0.4.7",
        "@libsql/linux-x64-musl": "0.4.7",
        "@libsql/win32-x64-msvc": "0.4.7"
      }
    },
    "node_modules/node-domexception": {
      "version": "1.0.0",
      "resolved": "https://registry.npmjs.org/node-domexception/-/node-domexception-1.0.0.tgz",
      "integrity": "sha512-/jKZoMpw0F8GRwl4/eLROPA3cfcXtLApP0QzLmUT/HuPCZWyB7IY9ZrMeKw2O/nFIqPQB3PVM9aYm0F312AXDQ==",
      "deprecated": "Use your platform's native DOMException instead",
      "funding": [
        {
          "type": "github",
          "url": "https://github.com/sponsors/jimmywarting"
        },
        {
          "type": "github",
          "url": "https://paypal.me/jimmywarting"
        }
      ],
      "license": "MIT",
      "engines": {
        "node": ">=10.5.0"
      }
    },
    "node_modules/node-fetch": {
      "version": "3.3.2",
      "resolved": "https://registry.npmjs.org/node-fetch/-/node-fetch-3.3.2.tgz",
      "integrity": "sha512-dRB78srN/l6gqWulah9SrxeYnxeddIG30+GOqK/9OlLVyLg3HPnr6SqOWTWOXKRwC2eGYCkZ59NNuSgvSrpgOA==",
      "license": "MIT",
      "dependencies": {
        "data-uri-to-buffer": "^4.0.0",
        "fetch-blob": "^3.1.4",
        "formdata-polyfill": "^4.0.10"
      },
      "engines": {
        "node": "^12.20.0 || ^14.13.1 || >=16.0.0"
      },
      "funding": {
        "type": "opencollective",
        "url": "https://opencollective.com/node-fetch"
      }
    },
    "node_modules/playwright": {
      "version": "1.62.1",
      "resolved": "https://registry.npmjs.org/playwright/-/playwright-1.62.1.tgz",
      "integrity": "sha512-0M+L3LAD8/nm554LOla9Ayx0j0tmFZ0FBcoQ7F1VuVHpM/XpiC8RcDzBQB8W5+hA8L22THxELzeF+2WcUzvcLg==",
      "dev": true,
      "license": "Apache-2.0",
      "dependencies": {
        "playwright-core": "1.62.1"
      },
      "bin": {
        "playwright": "cli.js"
      },
      "engines": {
        "node": ">=20"
      },
      "optionalDependencies": {
        "fsevents": "2.3.2"
      }
    },
    "node_modules/playwright-core": {
      "version": "1.62.1",
      "resolved": "https://registry.npmjs.org/playwright-core/-/playwright-core-1.62.1.tgz",
      "integrity": "sha512-wPYSwEBJY9GHraISXqyqtx0na0LpO3XEX7jNDhntbex7tzUS7kLnZsOlFruFJB4Hi/rhDMjXGqHewDZ68nYZVw==",
      "dev": true,
      "license": "Apache-2.0",
      "bin": {
        "playwright-core": "cli.js"
      },
      "engines": {
        "node": ">=20"
      }
    },
    "node_modules/promise-limit": {
      "version": "2.7.0",
      "resolved": "https://registry.npmjs.org/promise-limit/-/promise-limit-2.7.0.tgz",
      "integrity": "sha512-7nJ6v5lnJsXwGprnGXga4wx6d1POjvi5Qmf1ivTRxTjH4Z/9Czja/UCMLVmB9N93GeWOU93XaFaEt6jbuoagNw==",
      "license": "ISC"
    },
    "node_modules/streamsearch": {
      "version": "1.1.0",
      "resolved": "https://registry.npmjs.org/streamsearch/-/streamsearch-1.1.0.tgz",
      "integrity": "sha512-Mcc5wHehp9aXz1ax6bZUyY5afg9u2rv5cqQI3mRrYkGC8rW2hM02jWuwjtL++LS5qinSyhj2QfLyNsuc+VsExg==",
      "engines": {
        "node": ">=10.0.0"
      }
    },
    "node_modules/tslib": {
      "version": "2.8.1",
      "resolved": "https://registry.npmjs.org/tslib/-/tslib-2.8.1.tgz",
      "integrity": "sha512-oJFu94HQb+KVduSUQL7wnpmqnfmLsOA/nAh6b6EH0wCEoK0/mPeXU6c3wKDV83MkOuHPRHtSXKKU99IBazS/2w==",
      "license": "0BSD"
    },
    "node_modules/undici-types": {
      "version": "8.3.0",
      "resolved": "https://registry.npmjs.org/undici-types/-/undici-types-8.3.0.tgz",
      "integrity": "sha512-j375ScV60dom+YkPFIfTLcOiPxkN/buHz5GobjLhixFuANaNs3C9l4GmrWqejgXWJ7BbJcFYpTEUkS1Ge8bpZQ==",
      "license": "MIT"
    },
    "node_modules/web-streams-polyfill": {
      "version": "3.3.3",
      "resolved": "https://registry.npmjs.org/web-streams-polyfill/-/web-streams-polyfill-3.3.3.tgz",
      "integrity": "sha512-d2JWLCivmZYTSIoge9MsgFCZrt571BikcWGYkjC1khllbTeDlGqZ2D8vD8E/lJa8WGWbb7Plm8/XJYV7IJHZZw==",
      "license": "MIT",
      "engines": {
        "node": ">= 8"
      }
    },
    "node_modules/ws": {
      "version": "8.21.0",
      "resolved": "https://registry.npmjs.org/ws/-/ws-8.21.0.tgz",
      "integrity": "sha512-Vsp28b7DRcimFQvrqu2Wek3z1iYxDCWqHYB8Qsnk/S4RfaCQzPGPyBNuVjJV3cd6UiKtUtp6sNM77gWvzcCH+g==",
      "license": "MIT",
      "engines": {
        "node": ">=10.0.0"
      },
      "peerDependencies": {
        "bufferutil": "^4.0.1",
        "utf-8-validate": ">=5.0.2"
      },
      "peerDependenciesMeta": {
        "bufferutil": {
          "optional": true
        },
        "utf-8-validate": {
          "optional": true
        }
      }
    }
  }
}
